
Microsoft Visual Studio Solution File, Format Version 12.00
# Visual Studio 15
VisualStudioVersion = 15.0.27130.2036
MinimumVisualStudioVersion = 10.0.40219.1
Project("{FAE04EC0-301F-11D3-BF4B-00C04F79EFBC}") = "Itse1430.MovieLib", "Itse1430MovieLib\Itse1430.MovieLib.csproj", "{A2B770EC-D287-45AF-9695-F056C3DC03FB}"
EndProject
Project("{FAE04EC0-301F-11D3-BF4B-00C04F79EFBC}") = "Itse1430.MovieLib.UI", "Itse1430.MovieLib.UI\Itse1430.MovieLib.UI.csproj", "{A7686DD4-038C-4902-8C93-20DC13A50B91}"
EndProject
Project("{FAE04EC0-301F-11D3-BF4B-00C04F79EFBC}") = "Itse1430.MovieLib.Memory", "Itse1430.MovieLib.Memory\Itse1430.MovieLib.Memory.csproj", "{D69AFBA9-759A-45CA-B8EA-7369290BDEAF}"
EndProject
Global
	GlobalSection(SolutionConfigurationPlatforms) = preSolution
		Debug|Any CPU = Debug|Any CPU
		Release|Any CPU = Release|Any CPU
	EndGlobalSection
	GlobalSection(ProjectConfigurationPlatforms) = postSolution
		{A2B770EC-D287-45AF-9695-F056C3DC03FB}.Debug|Any CPU.ActiveCfg = Debug|Any CPU
		{A2B770EC-D287-45AF-9695-F056C3DC03FB}.Debug|Any CPU.Build.0 = Debug|Any CPU
		{A2B770EC-D287-45AF-9695-F056C3DC03FB}.Release|Any CPU.ActiveCfg = Release|Any CPU
		{A2B770EC-D287-45AF-9695-F056C3DC03FB}.Release|Any CPU.Build.0 = Release|Any CPU
		{A7686DD4-038C-4902-8C93-20DC13A50B91}.Debug|Any CPU.ActiveCfg = Debug|Any CPU
		{A7686DD4-038C-4902-8C93-20DC13A50B91}.Debug|Any CPU.Build.0 = Debug|Any CPU
		{A7686DD4-038C-4902-8C93-20DC13A50B91}.Release|Any CPU.ActiveCfg = Release|Any CPU
		{A7686DD4-038C-4902-8C93-20DC13A50B91}.Release|Any CPU.Build.0 = Release|Any CPU
		{D69AFBA9-759A-45CA-B8EA-7369290BDEAF}.Debug|Any CPU.ActiveCfg = Debug|Any CPU
		{D69AFBA9-759A-45CA-B8EA-7369290BDEAF}.Debug|Any CPU.Build.0 = Debug|Any CPU
		{D69AFBA9-759A-45CA-B8EA-7369290BDEAF}.Release|Any CPU.ActiveCfg = Release|Any CPU
		{D69AFBA9-759A-45CA-B8EA-7369290BDEAF}.Release|Any CPU.Build.0 = Release|Any CPU
	EndGlobalSection
	GlobalSection(SolutionProperties) = preSolution
		HideSolutionNode = FALSE
	EndGlobalSection
	GlobalSection(ExtensibilityGlobals) = postSolution
		SolutionGuid = {A9695209-C529-43B3-B745-DB393AB9AA54}
	EndGlobalSection
EndGlobal
