
Microsoft Visual Studio Solution File, Format Version 12.00
# Visual Studio 15
VisualStudioVersion = 15.0.28010.2016
MinimumVisualStudioVersion = 10.0.40219.1
Project("{FAE04EC0-301F-11D3-BF4B-00C04F79EFBC}") = "PizzaCreator", "PizzaCreator\PizzaCreator.csproj", "{292238F5-26E5-48B8-8CE8-1007D0B87BB7}"
EndProject
Global
	GlobalSection(SolutionConfigurationPlatforms) = preSolution
		Debug|Any CPU = Debug|Any CPU
		Release|Any CPU = Release|Any CPU
	EndGlobalSection
	GlobalSection(ProjectConfigurationPlatforms) = postSolution
		{292238F5-26E5-48B8-8CE8-1007D0B87BB7}.Debug|Any CPU.ActiveCfg = Debug|Any CPU
		{292238F5-26E5-48B8-8CE8-1007D0B87BB7}.Debug|Any CPU.Build.0 = Debug|Any CPU
		{292238F5-26E5-48B8-8CE8-1007D0B87BB7}.Release|Any CPU.ActiveCfg = Release|Any CPU
		{292238F5-26E5-48B8-8CE8-1007D0B87BB7}.Release|Any CPU.Build.0 = Release|Any CPU
	EndGlobalSection
	GlobalSection(SolutionProperties) = preSolution
		HideSolutionNode = FALSE
	EndGlobalSection
	GlobalSection(ExtensibilityGlobals) = postSolution
		SolutionGuid = {D6F086FE-E58F-42A0-B8D0-D5501FC4BB17}
	EndGlobalSection
EndGlobal
