
Microsoft Visual Studio Solution File, Format Version 12.00
# Visual Studio 15
VisualStudioVersion = 15.0.27130.2036
MinimumVisualStudioVersion = 10.0.40219.1
Project("{FAE04EC0-301F-11D3-BF4B-00C04F79EFBC}") = "Section1", "Section1\Section1.csproj", "{1D127616-876F-4768-AB29-94DC204F4F92}"
EndProject
Global
	GlobalSection(SolutionConfigurationPlatforms) = preSolution
		Debug|Any CPU = Debug|Any CPU
		Release|Any CPU = Release|Any CPU
	EndGlobalSection
	GlobalSection(ProjectConfigurationPlatforms) = postSolution
		{1D127616-876F-4768-AB29-94DC204F4F92}.Debug|Any CPU.ActiveCfg = Debug|Any CPU
		{1D127616-876F-4768-AB29-94DC204F4F92}.Debug|Any CPU.Build.0 = Debug|Any CPU
		{1D127616-876F-4768-AB29-94DC204F4F92}.Release|Any CPU.ActiveCfg = Release|Any CPU
		{1D127616-876F-4768-AB29-94DC204F4F92}.Release|Any CPU.Build.0 = Release|Any CPU
	EndGlobalSection
	GlobalSection(SolutionProperties) = preSolution
		HideSolutionNode = FALSE
	EndGlobalSection
	GlobalSection(ExtensibilityGlobals) = postSolution
		SolutionGuid = {A9695209-C529-43B3-B745-DB393AB9AA54}
	EndGlobalSection
EndGlobal
