
Microsoft Visual Studio Solution File, Format Version 12.00
# Visual Studio 15
VisualStudioVersion = 15.0.27130.2036
MinimumVisualStudioVersion = 10.0.40219.1
Project("{FAE04EC0-301F-11D3-BF4B-00C04F79EFBC}") = "HelloWorld", "HelloWorld\HelloWorld.csproj", "{80E627FF-7166-4B95-89DB-1AE762A69268}"
EndProject
Global
	GlobalSection(SolutionConfigurationPlatforms) = preSolution
		Debug|Any CPU = Debug|Any CPU
		Release|Any CPU = Release|Any CPU
	EndGlobalSection
	GlobalSection(ProjectConfigurationPlatforms) = postSolution
		{80E627FF-7166-4B95-89DB-1AE762A69268}.Debug|Any CPU.ActiveCfg = Debug|Any CPU
		{80E627FF-7166-4B95-89DB-1AE762A69268}.Debug|Any CPU.Build.0 = Debug|Any CPU
		{80E627FF-7166-4B95-89DB-1AE762A69268}.Release|Any CPU.ActiveCfg = Release|Any CPU
		{80E627FF-7166-4B95-89DB-1AE762A69268}.Release|Any CPU.Build.0 = Release|Any CPU
	EndGlobalSection
	GlobalSection(SolutionProperties) = preSolution
		HideSolutionNode = FALSE
	EndGlobalSection
	GlobalSection(ExtensibilityGlobals) = postSolution
		SolutionGuid = {6DDD44D9-E9EA-4027-AE0A-A0EFD5F191ED}
	EndGlobalSection
EndGlobal
